{
  "requires": true,
  "lockfileVersion": 1,
  "dependencies": {
    "useparams": {
      "version": "0.0.2",
      "resolved": "https://registry.npmjs.org/useparams/-/useparams-0.0.2.tgz",
      "integrity": "sha512-ll2x3lKurq8E7bs4O3hS3yzKk5C/3vs8g4s5xUKsdkWBMkjsjTCSLqBs4hvSJVHTQPsc7A27PN7QjPoYaZi4ww=="
    }
  }
}
